github.com/aibor/aoc v0.0.0-20221222191030-d60f4e478cd1 h1:r73z3PR5GSglQE0qsrrQsLWEVsRPbX86zXrYtnOp9No=
github.com/aibor/aoc v0.0.0-20221222191030-d60f4e478cd1/go.mod h1:0OGaDi66PF4IPK6Jxr1LfoHjYM/lb7FcIKs+I7TqZIM=
github.com/davecgh/go-spew v1.1.1 h1:vj9j/u1bqnvCEfJOwUhtlOARqs3+rkHYY13jYWTU97c=
github.com/pmezard/go-difflib v1.0.0 h1:4DBwDE0NGyQoBHbLQYPwSUPoCMWR5BEzIk/f1lZbAQM=
github.com/stretchr/testify v1.8.1 h1:w7B6lhMri9wdJUVmEZPGGhZzrYTPvgJArz7wNPgYKsk=
gopkg.in/yaml.v3 v3.0.1 h1:fxVm/GzAzEWqLHuvctI91KS9hhNmmWOoWu0XTYJS7CA=
